<?xml version="1.0" encoding="utf-8"?>
<Project ToolsVersion="4.0" xmlns="http://schemas.microsoft.com/developer/msbuild/2003">
  <ItemGroup>
    <Filter Include="Core">
      <UniqueIdentifier>{2EB4837C-1AEB-840D-C3D7-6A10AFED000F}</UniqueIdentifier>
    </Filter>
    <Filter Include="Events">
      <UniqueIdentifier>{3A8963B1-262B-8E87-0FE6-A1DBFB2615D8}</UniqueIdentifier>
    </Filter>
    <Filter Include="Tools">
      <UniqueIdentifier>{16CF2D0E-82E3-55BF-4B65-F91EB73852F0}</UniqueIdentifier>
    </Filter>
    <Filter Include="Tools\Delegate">
      <UniqueIdentifier>{C06069BB-AC2E-5DC1-95C2-CDE7812F3926}</UniqueIdentifier>
    </Filter>
    <Filter Include="Tools\Logger">
      <UniqueIdentifier>{2550A31D-11B3-32C2-BA38-6B78A67AFE44}</UniqueIdentifier>
    </Filter>
    <Filter Include="Windows">
      <UniqueIdentifier>{5032B729-BC11-36C5-C529-C19B31889C26}</UniqueIdentifier>
    </Filter>
    <Filter Include="Tools\Containers">
      <UniqueIdentifier>{495f5b0c-5006-43c7-b9f8-e37afb85f5cc}</UniqueIdentifier>
    </Filter>
  </ItemGroup>
  <ItemGroup>
    <ClInclude Include="Source\stdafx.h" />
    <ClInclude Include="Source\Tools\Containers\sparse_set.h">
      <Filter>Tools\Containers</Filter>
    </ClInclude>
    <ClInclude Include="Source\Events\event_manager.h">
      <Filter>Events</Filter>
    </ClInclude>
    <ClInclude Include="Source\ECS\component_container.h" />
    <ClInclude Include="Source\Tools\Delegate\delegate.h">
      <Filter>Tools\Delegate</Filter>
    </ClInclude>
    <ClInclude Include="Source\Windows\window_system.h">
      <Filter>Windows</Filter>
    </ClInclude>
    <ClInclude Include="Source\Tools\Logger\logger.h">
      <Filter>Tools\Logger</Filter>
    </ClInclude>
    <ClInclude Include="Source\Core\core_engine.h">
      <Filter>Core</Filter>
    </ClInclude>
    <ClInclude Include="Source\Tools\Delegate\delegate_container.h" />
    <ClInclude Include="Source\ECS\entity.h" />
    <ClInclude Include="Source\ECS\world.h" />
    <ClInclude Include="Source\ECS\Components\test_component.h" />
    <ClInclude Include="Source\Tests\test_system.h" />
  </ItemGroup>
  <ItemGroup>
    <ClCompile Include="Source\EntryPoint.cpp" />
    <ClCompile Include="Source\stdafx.cpp" />
    <ClCompile Include="Source\Events\event_manager.cpp">
      <Filter>Events</Filter>
    </ClCompile>
    <ClCompile Include="Source\Windows\window_system.cpp">
      <Filter>Windows</Filter>
    </ClCompile>
    <ClCompile Include="Source\Tools\Logger\logger.cpp">
      <Filter>Tools\Logger</Filter>
    </ClCompile>
    <ClCompile Include="Source\Core\core_engine.cpp">
      <Filter>Core</Filter>
    </ClCompile>
    <ClCompile Include="Source\ECS\component_container.cpp" />
    <ClCompile Include="Source\ECS\world.cpp" />
    <ClCompile Include="Source\Tests\test_system.cpp" />
    <ClCompile Include="Source\ECS\Components\test_component.cpp" />
  </ItemGroup>
</Project>